
Microsoft Visual Studio Solution File, Format Version 12.00
# Visual Studio Version 17
VisualStudioVersion = 17.12.35527.113
MinimumVisualStudioVersion = 10.0.40219.1
Project("{FAE04EC0-301F-11D3-BF4B-00C04F79EFBC}") = "ToDoApp.API", "ToDoApp.API\ToDoApp.API.csproj", "{013E6F5F-F38A-4641-8BB5-DC8C5462621C}"
EndProject
Project("{FAE04EC0-301F-11D3-BF4B-00C04F79EFBC}") = "ToDoApp.Domain", "ToDoApp.Domain\ToDoApp.Domain.csproj", "{385CB8A7-D7BC-4482-AA17-A1F049BA931C}"
EndProject
Project("{FAE04EC0-301F-11D3-BF4B-00C04F79EFBC}") = "ToDoApp.Application", "ToDoApp.Application\ToDoApp.Application.csproj", "{7FFA7538-074B-4765-99D8-B4115F48F17C}"
EndProject
Project("{FAE04EC0-301F-11D3-BF4B-00C04F79EFBC}") = "ToDoApp.Infrastructure", "ToDoApp.Infrastructure\ToDoApp.Infrastructure.csproj", "{C4BBAEAD-D35C-4E0E-8048-7AB9A16D7FB5}"
EndProject
Project("{FAE04EC0-301F-11D3-BF4B-00C04F79EFBC}") = "ToDoApp.MVC", "ToDoApp.MVC\ToDoApp.MVC.csproj", "{15BBC87A-F3F5-4C3D-8C68-C22438780B02}"
EndProject
Project("{FAE04EC0-301F-11D3-BF4B-00C04F79EFBC}") = "ToDoApp.Shared", "ToDoApp.Shared\ToDoApp.Shared.csproj", "{68E55883-4470-448A-AD2B-B25C655A1542}"
EndProject
Global
	GlobalSection(SolutionConfigurationPlatforms) = preSolution
		Debug|Any CPU = Debug|Any CPU
		Release|Any CPU = Release|Any CPU
	EndGlobalSection
	GlobalSection(ProjectConfigurationPlatforms) = postSolution
		{013E6F5F-F38A-4641-8BB5-DC8C5462621C}.Debug|Any CPU.ActiveCfg = Debug|Any CPU
		{013E6F5F-F38A-4641-8BB5-DC8C5462621C}.Debug|Any CPU.Build.0 = Debug|Any CPU
		{013E6F5F-F38A-4641-8BB5-DC8C5462621C}.Release|Any CPU.ActiveCfg = Release|Any CPU
		{013E6F5F-F38A-4641-8BB5-DC8C5462621C}.Release|Any CPU.Build.0 = Release|Any CPU
		{385CB8A7-D7BC-4482-AA17-A1F049BA931C}.Debug|Any CPU.ActiveCfg = Debug|Any CPU
		{385CB8A7-D7BC-4482-AA17-A1F049BA931C}.Debug|Any CPU.Build.0 = Debug|Any CPU
		{385CB8A7-D7BC-4482-AA17-A1F049BA931C}.Release|Any CPU.ActiveCfg = Release|Any CPU
		{385CB8A7-D7BC-4482-AA17-A1F049BA931C}.Release|Any CPU.Build.0 = Release|Any CPU
		{7FFA7538-074B-4765-99D8-B4115F48F17C}.Debug|Any CPU.ActiveCfg = Debug|Any CPU
		{7FFA7538-074B-4765-99D8-B4115F48F17C}.Debug|Any CPU.Build.0 = Debug|Any CPU
		{7FFA7538-074B-4765-99D8-B4115F48F17C}.Release|Any CPU.ActiveCfg = Release|Any CPU
		{7FFA7538-074B-4765-99D8-B4115F48F17C}.Release|Any CPU.Build.0 = Release|Any CPU
		{C4BBAEAD-D35C-4E0E-8048-7AB9A16D7FB5}.Debug|Any CPU.ActiveCfg = Debug|Any CPU
		{C4BBAEAD-D35C-4E0E-8048-7AB9A16D7FB5}.Debug|Any CPU.Build.0 = Debug|Any CPU
		{C4BBAEAD-D35C-4E0E-8048-7AB9A16D7FB5}.Release|Any CPU.ActiveCfg = Release|Any CPU
		{C4BBAEAD-D35C-4E0E-8048-7AB9A16D7FB5}.Release|Any CPU.Build.0 = Release|Any CPU
		{15BBC87A-F3F5-4C3D-8C68-C22438780B02}.Debug|Any CPU.ActiveCfg = Debug|Any CPU
		{15BBC87A-F3F5-4C3D-8C68-C22438780B02}.Debug|Any CPU.Build.0 = Debug|Any CPU
		{15BBC87A-F3F5-4C3D-8C68-C22438780B02}.Release|Any CPU.ActiveCfg = Release|Any CPU
		{15BBC87A-F3F5-4C3D-8C68-C22438780B02}.Release|Any CPU.Build.0 = Release|Any CPU
		{68E55883-4470-448A-AD2B-B25C655A1542}.Debug|Any CPU.ActiveCfg = Debug|Any CPU
		{68E55883-4470-448A-AD2B-B25C655A1542}.Debug|Any CPU.Build.0 = Debug|Any CPU
		{68E55883-4470-448A-AD2B-B25C655A1542}.Release|Any CPU.ActiveCfg = Release|Any CPU
		{68E55883-4470-448A-AD2B-B25C655A1542}.Release|Any CPU.Build.0 = Release|Any CPU
	EndGlobalSection
	GlobalSection(SolutionProperties) = preSolution
		HideSolutionNode = FALSE
	EndGlobalSection
EndGlobal
